
Microsoft Visual Studio Solution File, Format Version 12.00
# Visual Studio Version 17
VisualStudioVersion = 17.0.31410.414
MinimumVisualStudioVersion = 10.0.40219.1
Project("{9A19103F-16F7-4668-BE54-9A1E7A4F7556}") = "CodeWars", "CodeWars\CodeWars.csproj", "{CCB19158-F25B-45D5-8C8F-EA0016A29162}"
EndProject
Project("{2150E333-8FDC-42A3-9474-1A3956D46DE8}") = "Solution Items", "Solution Items", "{0BD5A356-E64D-4A73-97AC-C76C7E639136}"
	ProjectSection(SolutionItems) = preProject
		.editorconfig = .editorconfig
	EndProjectSection
EndProject
Global
	GlobalSection(SolutionConfigurationPlatforms) = preSolution
		Debug|Any CPU = Debug|Any CPU
		Release|Any CPU = Release|Any CPU
	EndGlobalSection
	GlobalSection(ProjectConfigurationPlatforms) = postSolution
		{CCB19158-F25B-45D5-8C8F-EA0016A29162}.Debug|Any CPU.ActiveCfg = Debug|Any CPU
		{CCB19158-F25B-45D5-8C8F-EA0016A29162}.Debug|Any CPU.Build.0 = Debug|Any CPU
		{CCB19158-F25B-45D5-8C8F-EA0016A29162}.Release|Any CPU.ActiveCfg = Release|Any CPU
		{CCB19158-F25B-45D5-8C8F-EA0016A29162}.Release|Any CPU.Build.0 = Release|Any CPU
	EndGlobalSection
	GlobalSection(SolutionProperties) = preSolution
		HideSolutionNode = FALSE
	EndGlobalSection
	GlobalSection(ExtensibilityGlobals) = postSolution
		SolutionGuid = {5471FEAF-237D-4AD4-89B2-1CA60BA75C7F}
	EndGlobalSection
EndGlobal
